// !$*UTF8*$!
{
	archiveVersion = 1;
	classes = {
	};
	objectVersion = 50;
	objects = {

/* Begin PBXBuildFile section */
		BA66DE792659ED8F004CDD84 /* TitechAppTutorialApp.swift in Sources */ = {isa = PBXBuildFile; fileRef = BA66DE782659ED8F004CDD84 /* TitechAppTutorialApp.swift */; };
		BA66DE7B2659ED8F004CDD84 /* CourseRow.swift in Sources */ = {isa = PBXBuildFile; fileRef = BA66DE7A2659ED8F004CDD84 /* CourseRow.swift */; };
		BA66DE7D2659ED90004CDD84 /* Assets.xcassets in Resources */ = {isa = PBXBuildFile; fileRef = BA66DE7C2659ED90004CDD84 /* Assets.xcassets */; };
		BA66DE802659ED90004CDD84 /* Preview Assets.xcassets in Resources */ = {isa = PBXBuildFile; fileRef = BA66DE7F2659ED90004CDD84 /* Preview Assets.xcassets */; };
		BA66DE88265A0CCD004CDD84 /* CourseView.swift in Sources */ = {isa = PBXBuildFile; fileRef = BA66DE87265A0CCD004CDD84 /* CourseView.swift */; };
		BA66DE8A265A3C4E004CDD84 /* CoursesRow.swift in Sources */ = {isa = PBXBuildFile; fileRef = BA66DE89265A3C4E004CDD84 /* CoursesRow.swift */; };
		BA66DE8C265A456D004CDD84 /* CoursesView.swift in Sources */ = {isa = PBXBuildFile; fileRef = BA66DE8B265A456D004CDD84 /* CoursesView.swift */; };
		BA66DE8E265A45C7004CDD84 /* Course.swift in Sources */ = {isa = PBXBuildFile; fileRef = BA66DE8D265A45C7004CDD84 /* Course.swift */; };
/* End PBXBuildFile section */

/* Begin PBXFileReference section */
		BA66DE752659ED8F004CDD84 /* TitechAppTutorial.app */ = {isa = PBXFileReference; explicitFileType = wrapper.application; includeInIndex = 0; path = TitechAppTutorial.app; sourceTree = BUILT_PRODUCTS_DIR; };
		BA66DE782659ED8F004CDD84 /* TitechAppTutorialApp.swift */ = {isa = PBXFileReference; lastKnownFileType = sourcecode.swift; path = TitechAppTutorialApp.swift; sourceTree = "<group>"; };
		BA66DE7A2659ED8F004CDD84 /* CourseRow.swift */ = {isa = PBXFileReference; lastKnownFileType = sourcecode.swift; path = CourseRow.swift; sourceTree = "<group>"; };
		BA66DE7C2659ED90004CDD84 /* Assets.xcassets */ = {isa = PBXFileReference; lastKnownFileType = folder.assetcatalog; path = Assets.xcassets; sourceTree = "<group>"; };
		BA66DE7F2659ED90004CDD84 /* Preview Assets.xcassets */ = {isa = PBXFileReference; lastKnownFileType = folder.assetcatalog; path = "Preview Assets.xcassets"; sourceTree = "<group>"; };
		BA66DE812659ED90004CDD84 /* Info.plist */ = {isa = PBXFileReference; lastKnownFileType = text.plist.xml; path = Info.plist; sourceTree = "<group>"; };
		BA66DE87265A0CCD004CDD84 /* CourseView.swift */ = {isa = PBXFileReference; lastKnownFileType = sourcecode.swift; path = CourseView.swift; sourceTree = "<group>"; tabWidth = 4; usesTabs = 0; };
		BA66DE89265A3C4E004CDD84 /* CoursesRow.swift */ = {isa = PBXFileReference; lastKnownFileType = sourcecode.swift; path = CoursesRow.swift; sourceTree = "<group>"; };
		BA66DE8B265A456D004CDD84 /* CoursesView.swift */ = {isa = PBXFileReference; lastKnownFileType = sourcecode.swift; path = CoursesView.swift; sourceTree = "<group>"; };
		BA66DE8D265A45C7004CDD84 /* Course.swift */ = {isa = PBXFileReference; lastKnownFileType = sourcecode.swift; path = Course.swift; sourceTree = "<group>"; };
/* End PBXFileReference section */

/* Begin PBXFrameworksBuildPhase section */
		BA66DE722659ED8F004CDD84 /* Frameworks */ = {
			isa = PBXFrameworksBuildPhase;
			buildActionMask = 2147483647;
			files = (
			);
			runOnlyForDeploymentPostprocessing = 0;
		};
/* End PBXFrameworksBuildPhase section */

/* Begin PBXGroup section */
		BA66DE6C2659ED8F004CDD84 = {
			isa = PBXGroup;
			children = (
				BA66DE772659ED8F004CDD84 /* TitechAppTutorial */,
				BA66DE762659ED8F004CDD84 /* Products */,
			);
			sourceTree = "<group>";
		};
		BA66DE762659ED8F004CDD84 /* Products */ = {
			isa = PBXGroup;
			children = (
				BA66DE752659ED8F004CDD84 /* TitechAppTutorial.app */,
			);
			name = Products;
			sourceTree = "<group>";
		};
		BA66DE772659ED8F004CDD84 /* TitechAppTutorial */ = {
			isa = PBXGroup;
			children = (
				BA66DE782659ED8F004CDD84 /* TitechAppTutorialApp.swift */,
				BAADAFFE266390AE00E3FB0E /* Model */,
				BAADAFFD2663909800E3FB0E /* Views */,
				BA66DE7C2659ED90004CDD84 /* Assets.xcassets */,
				BA66DE812659ED90004CDD84 /* Info.plist */,
				BA66DE7E2659ED90004CDD84 /* Preview Content */,
			);
			path = TitechAppTutorial;
			sourceTree = "<group>";
		};
		BA66DE7E2659ED90004CDD84 /* Preview Content */ = {
			isa = PBXGroup;
			children = (
				BA66DE7F2659ED90004CDD84 /* Preview Assets.xcassets */,
			);
			path = "Preview Content";
			sourceTree = "<group>";
		};
		BAADAFFD2663909800E3FB0E /* Views */ = {
			isa = PBXGroup;
			children = (
				BA66DE7A2659ED8F004CDD84 /* CourseRow.swift */,
				BA66DE87265A0CCD004CDD84 /* CourseView.swift */,
				BA66DE89265A3C4E004CDD84 /* CoursesRow.swift */,
				BA66DE8B265A456D004CDD84 /* CoursesView.swift */,
			);
			path = Views;
			sourceTree = "<group>";
		};
		BAADAFFE266390AE00E3FB0E /* Model */ = {
			isa = PBXGroup;
			children = (
				BA66DE8D265A45C7004CDD84 /* Course.swift */,
			);
			path = Model;
			sourceTree = "<group>";
		};
/* End PBXGroup section */

/* Begin PBXNativeTarget section */
		BA66DE742659ED8F004CDD84 /* TitechAppTutorial */ = {
			isa = PBXNativeTarget;
			buildConfigurationList = BA66DE842659ED90004CDD84 /* Build configuration list for PBXNativeTarget "TitechAppTutorial" */;
			buildPhases = (
				BA66DE712659ED8F004CDD84 /* Sources */,
				BA66DE722659ED8F004CDD84 /* Frameworks */,
				BA66DE732659ED8F004CDD84 /* Resources */,
			);
			buildRules = (
			);
			dependencies = (
			);
			name = TitechAppTutorial;
			productName = TitechAppTutorial;
			productReference = BA66DE752659ED8F004CDD84 /* TitechAppTutorial.app */;
			productType = "com.apple.product-type.application";
		};
/* End PBXNativeTarget section */

/* Begin PBXProject section */
		BA66DE6D2659ED8F004CDD84 /* Project object */ = {
			isa = PBXProject;
			attributes = {
				LastSwiftUpdateCheck = 1250;
				LastUpgradeCheck = 1250;
				TargetAttributes = {
					BA66DE742659ED8F004CDD84 = {
						CreatedOnToolsVersion = 12.5;
					};
				};
			};
			buildConfigurationList = BA66DE702659ED8F004CDD84 /* Build configuration list for PBXProject "TitechAppTutorial" */;
			compatibilityVersion = "Xcode 9.3";
			developmentRegion = en;
			hasScannedForEncodings = 0;
			knownRegions = (
				en,
				Base,
			);
			mainGroup = BA66DE6C2659ED8F004CDD84;
			productRefGroup = BA66DE762659ED8F004CDD84 /* Products */;
			projectDirPath = "";
			projectRoot = "";
			targets = (
				BA66DE742659ED8F004CDD84 /* TitechAppTutorial */,
			);
		};
/* End PBXProject section */

/* Begin PBXResourcesBuildPhase section */
		BA66DE732659ED8F004CDD84 /* Resources */ = {
			isa = PBXResourcesBuildPhase;
			buildActionMask = 2147483647;
			files = (
				BA66DE802659ED90004CDD84 /* Preview Assets.xcassets in Resources */,
				BA66DE7D2659ED90004CDD84 /* Assets.xcassets in Resources */,
			);
			runOnlyForDeploymentPostprocessing = 0;
		};
/* End PBXResourcesBuildPhase section */

/* Begin PBXSourcesBuildPhase section */
		BA66DE712659ED8F004CDD84 /* Sources */ = {
			isa = PBXSourcesBuildPhase;
			buildActionMask = 2147483647;
			files = (
				BA66DE88265A0CCD004CDD84 /* CourseView.swift in Sources */,
				BA66DE7B2659ED8F004CDD84 /* CourseRow.swift in Sources */,
				BA66DE792659ED8F004CDD84 /* TitechAppTutorialApp.swift in Sources */,
				BA66DE8A265A3C4E004CDD84 /* CoursesRow.swift in Sources */,
				BA66DE8E265A45C7004CDD84 /* Course.swift in Sources */,
				BA66DE8C265A456D004CDD84 /* CoursesView.swift in Sources */,
			);
			runOnlyForDeploymentPostprocessing = 0;
		};
/* End PBXSourcesBuildPhase section */

/* Begin XCBuildConfiguration section */
		BA66DE822659ED90004CDD84 /* Debug */ = {
			isa = XCBuildConfiguration;
			buildSettings = {
				ALWAYS_SEARCH_USER_PATHS = NO;
				CLANG_ANALYZER_NONNULL = YES;
				CLANG_ANALYZER_NUMBER_OBJECT_CONVERSION = YES_AGGRESSIVE;
				CLANG_CXX_LANGUAGE_STANDARD = "gnu++14";
				CLANG_CXX_LIBRARY = "libc++";
				CLANG_ENABLE_MODULES = YES;
				CLANG_ENABLE_OBJC_ARC = YES;
				CLANG_ENABLE_OBJC_WEAK = YES;
				CLANG_WARN_BLOCK_CAPTURE_AUTORELEASING = YES;
				CLANG_WARN_BOOL_CONVERSION = YES;
				CLANG_WARN_COMMA = YES;
				CLANG_WARN_CONSTANT_CONVERSION = YES;
				CLANG_WARN_DEPRECATED_OBJC_IMPLEMENTATIONS = YES;
				CLANG_WARN_DIRECT_OBJC_ISA_USAGE = YES_ERROR;
				CLANG_WARN_DOCUMENTATION_COMMENTS = YES;
				CLANG_WARN_EMPTY_BODY = YES;
				CLANG_WARN_ENUM_CONVERSION = YES;
				CLANG_WARN_INFINITE_RECURSION = YES;
				CLANG_WARN_INT_CONVERSION = YES;
				CLANG_WARN_NON_LITERAL_NULL_CONVERSION = YES;
				CLANG_WARN_OBJC_IMPLICIT_RETAIN_SELF = YES;
				CLANG_WARN_OBJC_LITERAL_CONVERSION = YES;
				CLANG_WARN_OBJC_ROOT_CLASS = YES_ERROR;
				CLANG_WARN_QUOTED_INCLUDE_IN_FRAMEWORK_HEADER = YES;
				CLANG_WARN_RANGE_LOOP_ANALYSIS = YES;
				CLANG_WARN_STRICT_PROTOTYPES = YES;
				CLANG_WARN_SUSPICIOUS_MOVE = YES;
				CLANG_WARN_UNGUARDED_AVAILABILITY = YES_AGGRESSIVE;
				CLANG_WARN_UNREACHABLE_CODE = YES;
				CLANG_WARN__DUPLICATE_METHOD_MATCH = YES;
				COPY_PHASE_STRIP = NO;
				DEBUG_INFORMATION_FORMAT = dwarf;
				ENABLE_STRICT_OBJC_MSGSEND = YES;
				ENABLE_TESTABILITY = YES;
				GCC_C_LANGUAGE_STANDARD = gnu11;
				GCC_DYNAMIC_NO_PIC = NO;
				GCC_NO_COMMON_BLOCKS = YES;
				GCC_OPTIMIZATION_LEVEL = 0;
				GCC_PREPROCESSOR_DEFINITIONS = (
					"DEBUG=1",
					"$(inherited)",
				);
				GCC_WARN_64_TO_32_BIT_CONVERSION = YES;
				GCC_WARN_ABOUT_RETURN_TYPE = YES_ERROR;
				GCC_WARN_UNDECLARED_SELECTOR = YES;
				GCC_WARN_UNINITIALIZED_AUTOS = YES_AGGRESSIVE;
				GCC_WARN_UNUSED_FUNCTION = YES;
				GCC_WARN_UNUSED_VARIABLE = YES;
				IPHONEOS_DEPLOYMENT_TARGET = 14.5;
				MTL_ENABLE_DEBUG_INFO = INCLUDE_SOURCE;
				MTL_FAST_MATH = YES;
				ONLY_ACTIVE_ARCH = YES;
				SDKROOT = iphoneos;
				SWIFT_ACTIVE_COMPILATION_CONDITIONS = DEBUG;
				SWIFT_OPTIMIZATION_LEVEL = "-Onone";
			};
			name = Debug;
		};
		BA66DE832659ED90004CDD84 /* Release */ = {
			isa = XCBuildConfiguration;
			buildSettings = {
				ALWAYS_SEARCH_USER_PATHS = NO;
				CLANG_ANALYZER_NONNULL = YES;
				CLANG_ANALYZER_NUMBER_OBJECT_CONVERSION = YES_AGGRESSIVE;
				CLANG_CXX_LANGUAGE_STANDARD = "gnu++14";
				CLANG_CXX_LIBRARY = "libc++";
				CLANG_ENABLE_MODULES = YES;
				CLANG_ENABLE_OBJC_ARC = YES;
				CLANG_ENABLE_OBJC_WEAK = YES;
				CLANG_WARN_BLOCK_CAPTURE_AUTORELEASING = YES;
				CLANG_WARN_BOOL_CONVERSION = YES;
				CLANG_WARN_COMMA = YES;
				CLANG_WARN_CONSTANT_CONVERSION = YES;
				CLANG_WARN_DEPRECATED_OBJC_IMPLEMENTATIONS = YES;
				CLANG_WARN_DIRECT_OBJC_ISA_USAGE = YES_ERROR;
				CLANG_WARN_DOCUMENTATION_COMMENTS = YES;
				CLANG_WARN_EMPTY_BODY = YES;
				CLANG_WARN_ENUM_CONVERSION = YES;
				CLANG_WARN_INFINITE_RECURSION = YES;
				CLANG_WARN_INT_CONVERSION = YES;
				CLANG_WARN_NON_LITERAL_NULL_CONVERSION = YES;
				CLANG_WARN_OBJC_IMPLICIT_RETAIN_SELF = YES;
				CLANG_WARN_OBJC_LITERAL_CONVERSION = YES;
				CLANG_WARN_OBJC_ROOT_CLASS = YES_ERROR;
				CLANG_WARN_QUOTED_INCLUDE_IN_FRAMEWORK_HEADER = YES;
				CLANG_WARN_RANGE_LOOP_ANALYSIS = YES;
				CLANG_WARN_STRICT_PROTOTYPES = YES;
				CLANG_WARN_SUSPICIOUS_MOVE = YES;
				CLANG_WARN_UNGUARDED_AVAILABILITY = YES_AGGRESSIVE;
				CLANG_WARN_UNREACHABLE_CODE = YES;
				CLANG_WARN__DUPLICATE_METHOD_MATCH = YES;
				COPY_PHASE_STRIP = NO;
				DEBUG_INFORMATION_FORMAT = "dwarf-with-dsym";
				ENABLE_NS_ASSERTIONS = NO;
				ENABLE_STRICT_OBJC_MSGSEND = YES;
				GCC_C_LANGUAGE_STANDARD = gnu11;
				GCC_NO_COMMON_BLOCKS = YES;
				GCC_WARN_64_TO_32_BIT_CONVERSION = YES;
				GCC_WARN_ABOUT_RETURN_TYPE = YES_ERROR;
				GCC_WARN_UNDECLARED_SELECTOR = YES;
				GCC_WARN_UNINITIALIZED_AUTOS = YES_AGGRESSIVE;
				GCC_WARN_UNUSED_FUNCTION = YES;
				GCC_WARN_UNUSED_VARIABLE = YES;
				IPHONEOS_DEPLOYMENT_TARGET = 14.5;
				MTL_ENABLE_DEBUG_INFO = NO;
				MTL_FAST_MATH = YES;
				SDKROOT = iphoneos;
				SWIFT_COMPILATION_MODE = wholemodule;
				SWIFT_OPTIMIZATION_LEVEL = "-O";
				VALIDATE_PRODUCT = YES;
			};
			name = Release;
		};
		BA66DE852659ED90004CDD84 /* Debug */ = {
			isa = XCBuildConfiguration;
			buildSettings = {
				ASSETCATALOG_COMPILER_APPICON_NAME = AppIcon;
				ASSETCATALOG_COMPILER_GLOBAL_ACCENT_COLOR_NAME = AccentColor;
				CODE_SIGN_STYLE = Automatic;
				DEVELOPMENT_ASSET_PATHS = "\"TitechAppTutorial/Preview Content\"";
				ENABLE_PREVIEWS = YES;
				INFOPLIST_FILE = TitechAppTutorial/Info.plist;
				IPHONEOS_DEPLOYMENT_TARGET = 14.0;
				LD_RUNPATH_SEARCH_PATHS = (
					"$(inherited)",
					"@executable_path/Frameworks",
				);
				PRODUCT_BUNDLE_IDENTIFIER = shop.bo2.TitechAppTutorial;
				PRODUCT_NAME = "$(TARGET_NAME)";
				SWIFT_VERSION = 5.0;
				TARGETED_DEVICE_FAMILY = "1,2";
			};
			name = Debug;
		};
		BA66DE862659ED90004CDD84 /* Release */ = {
			isa = XCBuildConfiguration;
			buildSettings = {
				ASSETCATALOG_COMPILER_APPICON_NAME = AppIcon;
				ASSETCATALOG_COMPILER_GLOBAL_ACCENT_COLOR_NAME = AccentColor;
				CODE_SIGN_STYLE = Automatic;
				DEVELOPMENT_ASSET_PATHS = "\"TitechAppTutorial/Preview Content\"";
				ENABLE_PREVIEWS = YES;
				INFOPLIST_FILE = TitechAppTutorial/Info.plist;
				IPHONEOS_DEPLOYMENT_TARGET = 14.0;
				LD_RUNPATH_SEARCH_PATHS = (
					"$(inherited)",
					"@executable_path/Frameworks",
				);
				PRODUCT_BUNDLE_IDENTIFIER = shop.bo2.TitechAppTutorial;
				PRODUCT_NAME = "$(TARGET_NAME)";
				SWIFT_VERSION = 5.0;
				TARGETED_DEVICE_FAMILY = "1,2";
			};
			name = Release;
		};
/* End XCBuildConfiguration section */

/* Begin XCConfigurationList section */
		BA66DE702659ED8F004CDD84 /* Build configuration list for PBXProject "TitechAppTutorial" */ = {
			isa = XCConfigurationList;
			buildConfigurations = (
				BA66DE822659ED90004CDD84 /* Debug */,
				BA66DE832659ED90004CDD84 /* Release */,
			);
			defaultConfigurationIsVisible = 0;
			defaultConfigurationName = Release;
		};
		BA66DE842659ED90004CDD84 /* Build configuration list for PBXNativeTarget "TitechAppTutorial" */ = {
			isa = XCConfigurationList;
			buildConfigurations = (
				BA66DE852659ED90004CDD84 /* Debug */,
				BA66DE862659ED90004CDD84 /* Release */,
			);
			defaultConfigurationIsVisible = 0;
			defaultConfigurationName = Release;
		};
/* End XCConfigurationList section */
	};
	rootObject = BA66DE6D2659ED8F004CDD84 /* Project object */;
}
